
Microsoft Visual Studio Solution File, Format Version 12.00
# Visual Studio Version 17
VisualStudioVersion = 17.9.34701.34
MinimumVisualStudioVersion = 10.0.40219.1
Project("{9A19103F-16F7-4668-BE54-9A1E7A4F7556}") = "StarTEDSystemDB", "StarTEDSystemDB\StarTEDSystemDB.csproj", "{D75DEF6E-536B-49DD-865B-5B70F4401A97}"
EndProject
Project("{9A19103F-16F7-4668-BE54-9A1E7A4F7556}") = "StarTEDSystemWebApp", "StarTEDSystemWebApp\StarTEDSystemWebApp.csproj", "{9F727E63-F91E-4708-BF3F-A3E6FFC2CD96}"
EndProject
Global
	GlobalSection(SolutionConfigurationPlatforms) = preSolution
		Debug|Any CPU = Debug|Any CPU
		Release|Any CPU = Release|Any CPU
	EndGlobalSection
	GlobalSection(ProjectConfigurationPlatforms) = postSolution
		{D75DEF6E-536B-49DD-865B-5B70F4401A97}.Debug|Any CPU.ActiveCfg = Debug|Any CPU
		{D75DEF6E-536B-49DD-865B-5B70F4401A97}.Debug|Any CPU.Build.0 = Debug|Any CPU
		{D75DEF6E-536B-49DD-865B-5B70F4401A97}.Release|Any CPU.ActiveCfg = Release|Any CPU
		{D75DEF6E-536B-49DD-865B-5B70F4401A97}.Release|Any CPU.Build.0 = Release|Any CPU
		{9F727E63-F91E-4708-BF3F-A3E6FFC2CD96}.Debug|Any CPU.ActiveCfg = Debug|Any CPU
		{9F727E63-F91E-4708-BF3F-A3E6FFC2CD96}.Debug|Any CPU.Build.0 = Debug|Any CPU
		{9F727E63-F91E-4708-BF3F-A3E6FFC2CD96}.Release|Any CPU.ActiveCfg = Release|Any CPU
		{9F727E63-F91E-4708-BF3F-A3E6FFC2CD96}.Release|Any CPU.Build.0 = Release|Any CPU
	EndGlobalSection
	GlobalSection(SolutionProperties) = preSolution
		HideSolutionNode = FALSE
	EndGlobalSection
	GlobalSection(ExtensibilityGlobals) = postSolution
		SolutionGuid = {F2EB10A1-A9D6-4E64-B22C-00D21CB44DE1}
	EndGlobalSection
EndGlobal
